
Microsoft Visual Studio Solution File, Format Version 12.00
Project("{2150E333-8FDC-42A3-9474-1A3956D46DE8}") = "src", "src", "{E1E1E126-86BC-423E-94F1-AA5508FBA22E}"
EndProject
Project("{FAE04EC0-301F-11D3-BF4B-00C04F79EFBC}") = "Behavioral.StrategyPattern", "src\Behavioral.StrategyPattern\Behavioral.StrategyPattern.csproj", "{3B060FEC-038E-4054-8159-204EADEBEA74}"
EndProject
Project("{FAE04EC0-301F-11D3-BF4B-00C04F79EFBC}") = "Behavioral.MediatorPattern", "src\Behavioral.MediatorPattern\Behavioral.MediatorPattern.csproj", "{EC308BB1-3A5C-4A80-974F-4FC65321A14B}"
EndProject
Project("{FAE04EC0-301F-11D3-BF4B-00C04F79EFBC}") = "Structural.AdapterPattern", "src\Structural.AdapterPattern\Structural.AdapterPattern.csproj", "{AB3E1EA4-F22C-4CB5-8E2C-F610F8A3F6A7}"
EndProject
Project("{FAE04EC0-301F-11D3-BF4B-00C04F79EFBC}") = "Structural.Decorator", "src\Structural.Decorator\Structural.Decorator.csproj", "{A775AA3C-67CA-46E3-92D1-1EAD0FB755E8}"
EndProject
Project("{FAE04EC0-301F-11D3-BF4B-00C04F79EFBC}") = "Creational.Builder", "src\Creational.Builder\Creational.Builder.csproj", "{E64403F4-392E-4B84-AC64-AD29F68CBB95}"
EndProject
Project("{FAE04EC0-301F-11D3-BF4B-00C04F79EFBC}") = "Behavioral.ChainOfResponsibility", "src\Behavioral.ChainOfResponsibility\Behavioral.ChainOfResponsibility.csproj", "{C0D60D35-3110-4CC9-9C4D-BBD1FB63A2A0}"
EndProject
Project("{FAE04EC0-301F-11D3-BF4B-00C04F79EFBC}") = "Structural.Facade", "src\Structural.Facade\Structural.Facade.csproj", "{1F858475-3E94-4B10-AB60-B220E6FC9D79}"
EndProject
Project("{FAE04EC0-301F-11D3-BF4B-00C04F79EFBC}") = "Behavioral.Visitor", "src\Behavioral.Visitor\Behavioral.Visitor.csproj", "{0A474C4F-8909-4EE2-9B47-E52818FA6D0B}"
EndProject
Global
	GlobalSection(SolutionConfigurationPlatforms) = preSolution
		Debug|Any CPU = Debug|Any CPU
		Release|Any CPU = Release|Any CPU
	EndGlobalSection
	GlobalSection(NestedProjects) = preSolution
		{3B060FEC-038E-4054-8159-204EADEBEA74} = {E1E1E126-86BC-423E-94F1-AA5508FBA22E}
		{EC308BB1-3A5C-4A80-974F-4FC65321A14B} = {E1E1E126-86BC-423E-94F1-AA5508FBA22E}
		{AB3E1EA4-F22C-4CB5-8E2C-F610F8A3F6A7} = {E1E1E126-86BC-423E-94F1-AA5508FBA22E}
		{A775AA3C-67CA-46E3-92D1-1EAD0FB755E8} = {E1E1E126-86BC-423E-94F1-AA5508FBA22E}
		{E64403F4-392E-4B84-AC64-AD29F68CBB95} = {E1E1E126-86BC-423E-94F1-AA5508FBA22E}
		{C0D60D35-3110-4CC9-9C4D-BBD1FB63A2A0} = {E1E1E126-86BC-423E-94F1-AA5508FBA22E}
		{1F858475-3E94-4B10-AB60-B220E6FC9D79} = {E1E1E126-86BC-423E-94F1-AA5508FBA22E}
		{0A474C4F-8909-4EE2-9B47-E52818FA6D0B} = {E1E1E126-86BC-423E-94F1-AA5508FBA22E}
	EndGlobalSection
	GlobalSection(ProjectConfigurationPlatforms) = postSolution
		{3B060FEC-038E-4054-8159-204EADEBEA74}.Debug|Any CPU.ActiveCfg = Debug|Any CPU
		{3B060FEC-038E-4054-8159-204EADEBEA74}.Debug|Any CPU.Build.0 = Debug|Any CPU
		{3B060FEC-038E-4054-8159-204EADEBEA74}.Release|Any CPU.ActiveCfg = Release|Any CPU
		{3B060FEC-038E-4054-8159-204EADEBEA74}.Release|Any CPU.Build.0 = Release|Any CPU
		{EC308BB1-3A5C-4A80-974F-4FC65321A14B}.Debug|Any CPU.ActiveCfg = Debug|Any CPU
		{EC308BB1-3A5C-4A80-974F-4FC65321A14B}.Debug|Any CPU.Build.0 = Debug|Any CPU
		{EC308BB1-3A5C-4A80-974F-4FC65321A14B}.Release|Any CPU.ActiveCfg = Release|Any CPU
		{EC308BB1-3A5C-4A80-974F-4FC65321A14B}.Release|Any CPU.Build.0 = Release|Any CPU
		{AB3E1EA4-F22C-4CB5-8E2C-F610F8A3F6A7}.Debug|Any CPU.ActiveCfg = Debug|Any CPU
		{AB3E1EA4-F22C-4CB5-8E2C-F610F8A3F6A7}.Debug|Any CPU.Build.0 = Debug|Any CPU
		{AB3E1EA4-F22C-4CB5-8E2C-F610F8A3F6A7}.Release|Any CPU.ActiveCfg = Release|Any CPU
		{AB3E1EA4-F22C-4CB5-8E2C-F610F8A3F6A7}.Release|Any CPU.Build.0 = Release|Any CPU
		{A775AA3C-67CA-46E3-92D1-1EAD0FB755E8}.Debug|Any CPU.ActiveCfg = Debug|Any CPU
		{A775AA3C-67CA-46E3-92D1-1EAD0FB755E8}.Debug|Any CPU.Build.0 = Debug|Any CPU
		{A775AA3C-67CA-46E3-92D1-1EAD0FB755E8}.Release|Any CPU.ActiveCfg = Release|Any CPU
		{A775AA3C-67CA-46E3-92D1-1EAD0FB755E8}.Release|Any CPU.Build.0 = Release|Any CPU
		{E64403F4-392E-4B84-AC64-AD29F68CBB95}.Debug|Any CPU.ActiveCfg = Debug|Any CPU
		{E64403F4-392E-4B84-AC64-AD29F68CBB95}.Debug|Any CPU.Build.0 = Debug|Any CPU
		{E64403F4-392E-4B84-AC64-AD29F68CBB95}.Release|Any CPU.ActiveCfg = Release|Any CPU
		{E64403F4-392E-4B84-AC64-AD29F68CBB95}.Release|Any CPU.Build.0 = Release|Any CPU
		{C0D60D35-3110-4CC9-9C4D-BBD1FB63A2A0}.Debug|Any CPU.ActiveCfg = Debug|Any CPU
		{C0D60D35-3110-4CC9-9C4D-BBD1FB63A2A0}.Debug|Any CPU.Build.0 = Debug|Any CPU
		{C0D60D35-3110-4CC9-9C4D-BBD1FB63A2A0}.Release|Any CPU.ActiveCfg = Release|Any CPU
		{C0D60D35-3110-4CC9-9C4D-BBD1FB63A2A0}.Release|Any CPU.Build.0 = Release|Any CPU
		{1F858475-3E94-4B10-AB60-B220E6FC9D79}.Debug|Any CPU.ActiveCfg = Debug|Any CPU
		{1F858475-3E94-4B10-AB60-B220E6FC9D79}.Debug|Any CPU.Build.0 = Debug|Any CPU
		{1F858475-3E94-4B10-AB60-B220E6FC9D79}.Release|Any CPU.ActiveCfg = Release|Any CPU
		{1F858475-3E94-4B10-AB60-B220E6FC9D79}.Release|Any CPU.Build.0 = Release|Any CPU
		{0A474C4F-8909-4EE2-9B47-E52818FA6D0B}.Debug|Any CPU.ActiveCfg = Debug|Any CPU
		{0A474C4F-8909-4EE2-9B47-E52818FA6D0B}.Debug|Any CPU.Build.0 = Debug|Any CPU
		{0A474C4F-8909-4EE2-9B47-E52818FA6D0B}.Release|Any CPU.ActiveCfg = Release|Any CPU
		{0A474C4F-8909-4EE2-9B47-E52818FA6D0B}.Release|Any CPU.Build.0 = Release|Any CPU
	EndGlobalSection
EndGlobal
